// !$*UTF8*$!
{
	archiveVersion = 1;
	classes = {
	};
	objectVersion = 77;
	objects = {

/* Begin PBXContainerItemProxy section */
		8A83D39C2EB2E2EE00F6166E /* PBXContainerItemProxy */ = {
			isa = PBXContainerItemProxy;
			containerPortal = 8A83D37F2EB2E2EC00F6166E /* Project object */;
			proxyType = 1;
			remoteGlobalIDString = 8A83D3862EB2E2EC00F6166E;
			remoteInfo = sampleShop;
		};
		8A83D3A62EB2E2EE00F6166E /* PBXContainerItemProxy */ = {
			isa = PBXContainerItemProxy;
			containerPortal = 8A83D37F2EB2E2EC00F6166E /* Project object */;
			proxyType = 1;
			remoteGlobalIDString = 8A83D3862EB2E2EC00F6166E;
			remoteInfo = sampleShop;
		};
/* End PBXContainerItemProxy section */

/* Begin PBXFileReference section */
		8A83D3872EB2E2EC00F6166E /* sampleShop.app */ = {isa = PBXFileReference; explicitFileType = wrapper.application; includeInIndex = 0; path = sampleShop.app; sourceTree = BUILT_PRODUCTS_DIR; };
		8A83D39B2EB2E2EE00F6166E /* sampleShopTests.xctest */ = {isa = PBXFileReference; explicitFileType = wrapper.cfbundle; includeInIndex = 0; path = sampleShopTests.xctest; sourceTree = BUILT_PRODUCTS_DIR; };
		8A83D3A52EB2E2EE00F6166E /* sampleShopUITests.xctest */ = {isa = PBXFileReference; explicitFileType = wrapper.cfbundle; includeInIndex = 0; path = sampleShopUITests.xctest; sourceTree = BUILT_PRODUCTS_DIR; };
/* End PBXFileReference section */

/* Begin PBXFileSystemSynchronizedBuildFileExceptionSet section */
		8A83D3AD2EB2E2EE00F6166E /* Exceptions for "sampleShop" folder in "sampleShop" target */ = {
			isa = PBXFileSystemSynchronizedBuildFileExceptionSet;
			membershipExceptions = (
				Info.plist,
			);
			target = 8A83D3862EB2E2EC00F6166E /* sampleShop */;
		};
/* End PBXFileSystemSynchronizedBuildFileExceptionSet section */

/* Begin PBXFileSystemSynchronizedRootGroup section */
		8A83D3892EB2E2EC00F6166E /* sampleShop */ = {
			isa = PBXFileSystemSynchronizedRootGroup;
			exceptions = (
				8A83D3AD2EB2E2EE00F6166E /* Exceptions for "sampleShop" folder in "sampleShop" target */,
			);
			path = sampleShop;
			sourceTree = "<group>";
		};
		8A83D39E2EB2E2EE00F6166E /* sampleShopTests */ = {
			isa = PBXFileSystemSynchronizedRootGroup;
			path = sampleShopTests;
			sourceTree = "<group>";
		};
		8A83D3A82EB2E2EE00F6166E /* sampleShopUITests */ = {
			isa = PBXFileSystemSynchronizedRootGroup;
			path = sampleShopUITests;
			sourceTree = "<group>";
		};
/* End PBXFileSystemSynchronizedRootGroup section */

/* Begin PBXFrameworksBuildPhase section */
		8A83D3842EB2E2EC00F6166E /* Frameworks */ = {
			isa = PBXFrameworksBuildPhase;
			buildActionMask = 2147483647;
			files = (
			);
			runOnlyForDeploymentPostprocessing = 0;
		};
		8A83D3982EB2E2EE00F6166E /* Frameworks */ = {
			isa = PBXFrameworksBuildPhase;
			buildActionMask = 2147483647;
			files = (
			);
			runOnlyForDeploymentPostprocessing = 0;
		};
		8A83D3A22EB2E2EE00F6166E /* Frameworks */ = {
			isa = PBXFrameworksBuildPhase;
			buildActionMask = 2147483647;
			files = (
			);
			runOnlyForDeploymentPostprocessing = 0;
		};
/* End PBXFrameworksBuildPhase section */

/* Begin PBXGroup section */
		8A83D37E2EB2E2EC00F6166E = {
			isa = PBXGroup;
			children = (
				8A83D3892EB2E2EC00F6166E /* sampleShop */,
				8A83D39E2EB2E2EE00F6166E /* sampleShopTests */,
				8A83D3A82EB2E2EE00F6166E /* sampleShopUITests */,
				8A83D3882EB2E2EC00F6166E /* Products */,
			);
			sourceTree = "<group>";
		};
		8A83D3882EB2E2EC00F6166E /* Products */ = {
			isa = PBXGroup;
			children = (
				8A83D3872EB2E2EC00F6166E /* sampleShop.app */,
				8A83D39B2EB2E2EE00F6166E /* sampleShopTests.xctest */,
				8A83D3A52EB2E2EE00F6166E /* sampleShopUITests.xctest */,
			);
			name = Products;
			sourceTree = "<group>";
		};
/* End PBXGroup section */

/* Begin PBXNativeTarget section */
		8A83D3862EB2E2EC00F6166E /* sampleShop */ = {
			isa = PBXNativeTarget;
			buildConfigurationList = 8A83D3AE2EB2E2EE00F6166E /* Build configuration list for PBXNativeTarget "sampleShop" */;
			buildPhases = (
				8A83D3832EB2E2EC00F6166E /* Sources */,
				8A83D3842EB2E2EC00F6166E /* Frameworks */,
				8A83D3852EB2E2EC00F6166E /* Resources */,
			);
			buildRules = (
			);
			dependencies = (
			);
			fileSystemSynchronizedGroups = (
				8A83D3892EB2E2EC00F6166E /* sampleShop */,
			);
			name = sampleShop;
			packageProductDependencies = (
			);
			productName = sampleShop;
			productReference = 8A83D3872EB2E2EC00F6166E /* sampleShop.app */;
			productType = "com.apple.product-type.application";
		};
		8A83D39A2EB2E2EE00F6166E /* sampleShopTests */ = {
			isa = PBXNativeTarget;
			buildConfigurationList = 8A83D3B32EB2E2EE00F6166E /* Build configuration list for PBXNativeTarget "sampleShopTests" */;
			buildPhases = (
				8A83D3972EB2E2EE00F6166E /* Sources */,
				8A83D3982EB2E2EE00F6166E /* Frameworks */,
				8A83D3992EB2E2EE00F6166E /* Resources */,
			);
			buildRules = (
			);
			dependencies = (
				8A83D39D2EB2E2EE00F6166E /* PBXTargetDependency */,
			);
			fileSystemSynchronizedGroups = (
				8A83D39E2EB2E2EE00F6166E /* sampleShopTests */,
			);
			name = sampleShopTests;
			packageProductDependencies = (
			);
			productName = sampleShopTests;
			productReference = 8A83D39B2EB2E2EE00F6166E /* sampleShopTests.xctest */;
			productType = "com.apple.product-type.bundle.unit-test";
		};
		8A83D3A42EB2E2EE00F6166E /* sampleShopUITests */ = {
			isa = PBXNativeTarget;
			buildConfigurationList = 8A83D3B62EB2E2EE00F6166E /* Build configuration list for PBXNativeTarget "sampleShopUITests" */;
			buildPhases = (
				8A83D3A12EB2E2EE00F6166E /* Sources */,
				8A83D3A22EB2E2EE00F6166E /* Frameworks */,
				8A83D3A32EB2E2EE00F6166E /* Resources */,
			);
			buildRules = (
			);
			dependencies = (
				8A83D3A72EB2E2EE00F6166E /* PBXTargetDependency */,
			);
			fileSystemSynchronizedGroups = (
				8A83D3A82EB2E2EE00F6166E /* sampleShopUITests */,
			);
			name = sampleShopUITests;
			packageProductDependencies = (
			);
			productName = sampleShopUITests;
			productReference = 8A83D3A52EB2E2EE00F6166E /* sampleShopUITests.xctest */;
			productType = "com.apple.product-type.bundle.ui-testing";
		};
/* End PBXNativeTarget section */

/* Begin PBXProject section */
		8A83D37F2EB2E2EC00F6166E /* Project object */ = {
			isa = PBXProject;
			attributes = {
				BuildIndependentTargetsInParallel = 1;
				LastSwiftUpdateCheck = 1640;
				LastUpgradeCheck = 1640;
				TargetAttributes = {
					8A83D3862EB2E2EC00F6166E = {
						CreatedOnToolsVersion = 16.4;
					};
					8A83D39A2EB2E2EE00F6166E = {
						CreatedOnToolsVersion = 16.4;
						TestTargetID = 8A83D3862EB2E2EC00F6166E;
					};
					8A83D3A42EB2E2EE00F6166E = {
						CreatedOnToolsVersion = 16.4;
						TestTargetID = 8A83D3862EB2E2EC00F6166E;
					};
				};
			};
			buildConfigurationList = 8A83D3822EB2E2EC00F6166E /* Build configuration list for PBXProject "sampleShop" */;
			developmentRegion = en;
			hasScannedForEncodings = 0;
			knownRegions = (
				en,
				Base,
			);
			mainGroup = 8A83D37E2EB2E2EC00F6166E;
			minimizedProjectReferenceProxies = 1;
			preferredProjectObjectVersion = 77;
			productRefGroup = 8A83D3882EB2E2EC00F6166E /* Products */;
			projectDirPath = "";
			projectRoot = "";
			targets = (
				8A83D3862EB2E2EC00F6166E /* sampleShop */,
				8A83D39A2EB2E2EE00F6166E /* sampleShopTests */,
				8A83D3A42EB2E2EE00F6166E /* sampleShopUITests */,
			);
		};
/* End PBXProject section */

/* Begin PBXResourcesBuildPhase section */
		8A83D3852EB2E2EC00F6166E /* Resources */ = {
			isa = PBXResourcesBuildPhase;
			buildActionMask = 2147483647;
			files = (
			);
			runOnlyForDeploymentPostprocessing = 0;
		};
		8A83D3992EB2E2EE00F6166E /* Resources */ = {
			isa = PBXResourcesBuildPhase;
			buildActionMask = 2147483647;
			files = (
			);
			runOnlyForDeploymentPostprocessing = 0;
		};
		8A83D3A32EB2E2EE00F6166E /* Resources */ = {
			isa = PBXResourcesBuildPhase;
			buildActionMask = 2147483647;
			files = (
			);
			runOnlyForDeploymentPostprocessing = 0;
		};
/* End PBXResourcesBuildPhase section */

/* Begin PBXSourcesBuildPhase section */
		8A83D3832EB2E2EC00F6166E /* Sources */ = {
			isa = PBXSourcesBuildPhase;
			buildActionMask = 2147483647;
			files = (
			);
			runOnlyForDeploymentPostprocessing = 0;
		};
		8A83D3972EB2E2EE00F6166E /* Sources */ = {
			isa = PBXSourcesBuildPhase;
			buildActionMask = 2147483647;
			files = (
			);
			runOnlyForDeploymentPostprocessing = 0;
		};
		8A83D3A12EB2E2EE00F6166E /* Sources */ = {
			isa = PBXSourcesBuildPhase;
			buildActionMask = 2147483647;
			files = (
			);
			runOnlyForDeploymentPostprocessing = 0;
		};
/* End PBXSourcesBuildPhase section */

/* Begin PBXTargetDependency section */
		8A83D39D2EB2E2EE00F6166E /* PBXTargetDependency */ = {
			isa = PBXTargetDependency;
			target = 8A83D3862EB2E2EC00F6166E /* sampleShop */;
			targetProxy = 8A83D39C2EB2E2EE00F6166E /* PBXContainerItemProxy */;
		};
		8A83D3A72EB2E2EE00F6166E /* PBXTargetDependency */ = {
			isa = PBXTargetDependency;
			target = 8A83D3862EB2E2EC00F6166E /* sampleShop */;
			targetProxy = 8A83D3A62EB2E2EE00F6166E /* PBXContainerItemProxy */;
		};
/* End PBXTargetDependency section */

/* Begin XCBuildConfiguration section */
		8A83D3AF2EB2E2EE00F6166E /* Debug */ = {
			isa = XCBuildConfiguration;
			buildSettings = {
				ASSETCATALOG_COMPILER_APPICON_NAME = AppIcon;
				ASSETCATALOG_COMPILER_GLOBAL_ACCENT_COLOR_NAME = AccentColor;
				CODE_SIGN_ENTITLEMENTS = sampleShop/sampleShop.entitlements;
				CODE_SIGN_STYLE = Automatic;
				CURRENT_PROJECT_VERSION = 1;
				DEVELOPMENT_TEAM = WBQR8WS2B2;
				ENABLE_PREVIEWS = YES;
				GENERATE_INFOPLIST_FILE = YES;
				INFOPLIST_FILE = sampleShop/Info.plist;
				INFOPLIST_KEY_UIApplicationSceneManifest_Generation = YES;
				INFOPLIST_KEY_UIApplicationSupportsIndirectInputEvents = YES;
				INFOPLIST_KEY_UILaunchScreen_Generation = YES;
				INFOPLIST_KEY_UISupportedInterfaceOrientations_iPad = "UIInterfaceOrientationPortrait UIInterfaceOrientationPortraitUpsideDown UIInterfaceOrientationLandscapeLeft UIInterfaceOrientationLandscapeRight";
				INFOPLIST_KEY_UISupportedInterfaceOrientations_iPhone = "UIInterfaceOrientationPortrait UIInterfaceOrientationLandscapeLeft UIInterfaceOrientationLandscapeRight";
				LD_RUNPATH_SEARCH_PATHS = (
					"$(inherited)",
					"@executable_path/Frameworks",
				);
				MARKETING_VERSION = 1.0;
				PRODUCT_BUNDLE_IDENTIFIER = com.kotaro.sampleShop;
				PRODUCT_NAME = "$(TARGET_NAME)";
				SWIFT_EMIT_LOC_STRINGS = YES;
				SWIFT_VERSION = 5.0;
				TARGETED_DEVICE_FAMILY = "1,2";
			};
			name = Debug;
		};
		8A83D3B02EB2E2EE00F6166E /* Release */ = {
			isa = XCBuildConfiguration;
			buildSettings = {
				ASSETCATALOG_COMPILER_APPICON_NAME = AppIcon;
				ASSETCATALOG_COMPILER_GLOBAL_ACCENT_COLOR_NAME = AccentColor;
				CODE_SIGN_ENTITLEMENTS = sampleShop/sampleShop.entitlements;
				CODE_SIGN_STYLE = Automatic;
				CURRENT_PROJECT_VERSION = 1;
				DEVELOPMENT_TEAM = WBQR8WS2B2;
				ENABLE_PREVIEWS = YES;
				GENERATE_INFOPLIST_FILE = YES;
				INFOPLIST_FILE = sampleShop/Info.plist;
				INFOPLIST_KEY_UIApplicationSceneManifest_Generation = YES;
				INFOPLIST_KEY_UIApplicationSupportsIndirectInputEvents = YES;
				INFOPLIST_KEY_UILaunchScreen_Generation = YES;
				INFOPLIST_KEY_UISupportedInterfaceOrientations_iPad = "UIInterfaceOrientationPortrait UIInterfaceOrientationPortraitUpsideDown UIInterfaceOrientationLandscapeLeft UIInterfaceOrientationLandscapeRight";
				INFOPLIST_KEY_UISupportedInterfaceOrientations_iPhone = "UIInterfaceOrientationPortrait UIInterfaceOrientationLandscapeLeft UIInterfaceOrientationLandscapeRight";
				LD_RUNPATH_SEARCH_PATHS = (
					"$(inherited)",
					"@executable_path/Frameworks",
				);
				MARKETING_VERSION = 1.0;
				PRODUCT_BUNDLE_IDENTIFIER = com.kotaro.sampleShop;
				PRODUCT_NAME = "$(TARGET_NAME)";
				SWIFT_EMIT_LOC_STRINGS = YES;
				SWIFT_VERSION = 5.0;
				TARGETED_DEVICE_FAMILY = "1,2";
			};
			name = Release;
		};
		8A83D3B12EB2E2EE00F6166E /* Debug */ = {
			isa = XCBuildConfiguration;
			buildSettings = {
				ALWAYS_SEARCH_USER_PATHS = NO;
				ASSETCATALOG_COMPILER_GENERATE_SWIFT_ASSET_SYMBOL_EXTENSIONS = YES;
				CLANG_ANALYZER_NONNULL = YES;
				CLANG_ANALYZER_NUMBER_OBJECT_CONVERSION = YES_AGGRESSIVE;
				CLANG_CXX_LANGUAGE_STANDARD = "gnu++20";
				CLANG_ENABLE_MODULES = YES;
				CLANG_ENABLE_OBJC_ARC = YES;
				CLANG_ENABLE_OBJC_WEAK = YES;
				CLANG_WARN_BLOCK_CAPTURE_AUTORELEASING = YES;
				CLANG_WARN_BOOL_CONVERSION = YES;
				CLANG_WARN_COMMA = YES;
				CLANG_WARN_CONSTANT_CONVERSION = YES;
				CLANG_WARN_DEPRECATED_OBJC_IMPLEMENTATIONS = YES;
				CLANG_WARN_DIRECT_OBJC_ISA_USAGE = YES_ERROR;
				CLANG_WARN_DOCUMENTATION_COMMENTS = YES;
				CLANG_WARN_EMPTY_BODY = YES;
				CLANG_WARN_ENUM_CONVERSION = YES;
				CLANG_WARN_INFINITE_RECURSION = YES;
				CLANG_WARN_INT_CONVERSION = YES;
				CLANG_WARN_NON_LITERAL_NULL_CONVERSION = YES;
				CLANG_WARN_OBJC_IMPLICIT_RETAIN_SELF = YES;
				CLANG_WARN_OBJC_LITERAL_CONVERSION = YES;
				CLANG_WARN_OBJC_ROOT_CLASS = YES_ERROR;
				CLANG_WARN_QUOTED_INCLUDE_IN_FRAMEWORK_HEADER = YES;
				CLANG_WARN_RANGE_LOOP_ANALYSIS = YES;
				CLANG_WARN_STRICT_PROTOTYPES = YES;
				CLANG_WARN_SUSPICIOUS_MOVE = YES;
				CLANG_WARN_UNGUARDED_AVAILABILITY = YES_AGGRESSIVE;
				CLANG_WARN_UNREACHABLE_CODE = YES;
				CLANG_WARN__DUPLICATE_METHOD_MATCH = YES;
				COPY_PHASE_STRIP = NO;
				DEBUG_INFORMATION_FORMAT = dwarf;
				DEVELOPMENT_TEAM = WBQR8WS2B2;
				ENABLE_STRICT_OBJC_MSGSEND = YES;
				ENABLE_TESTABILITY = YES;
				ENABLE_USER_SCRIPT_SANDBOXING = YES;
				GCC_C_LANGUAGE_STANDARD = gnu17;
				GCC_DYNAMIC_NO_PIC = NO;
				GCC_NO_COMMON_BLOCKS = YES;
				GCC_OPTIMIZATION_LEVEL = 0;
				GCC_PREPROCESSOR_DEFINITIONS = (
					"DEBUG=1",
					"$(inherited)",
				);
				GCC_WARN_64_TO_32_BIT_CONVERSION = YES;
				GCC_WARN_ABOUT_RETURN_TYPE = YES_ERROR;
				GCC_WARN_UNDECLARED_SELECTOR = YES;
				GCC_WARN_UNINITIALIZED_AUTOS = YES_AGGRESSIVE;
				GCC_WARN_UNUSED_FUNCTION = YES;
				GCC_WARN_UNUSED_VARIABLE = YES;
				IPHONEOS_DEPLOYMENT_TARGET = 18.5;
				LOCALIZATION_PREFERS_STRING_CATALOGS = YES;
				MTL_ENABLE_DEBUG_INFO = INCLUDE_SOURCE;
				MTL_FAST_MATH = YES;
				ONLY_ACTIVE_ARCH = YES;
				SDKROOT = iphoneos;
				SWIFT_ACTIVE_COMPILATION_CONDITIONS = "DEBUG $(inherited)";
				SWIFT_OPTIMIZATION_LEVEL = "-Onone";
			};
			name = Debug;
		};
		8A83D3B22EB2E2EE00F6166E /* Release */ = {
			isa = XCBuildConfiguration;
			buildSettings = {
				ALWAYS_SEARCH_USER_PATHS = NO;
				ASSETCATALOG_COMPILER_GENERATE_SWIFT_ASSET_SYMBOL_EXTENSIONS = YES;
				CLANG_ANALYZER_NONNULL = YES;
				CLANG_ANALYZER_NUMBER_OBJECT_CONVERSION = YES_AGGRESSIVE;
				CLANG_CXX_LANGUAGE_STANDARD = "gnu++20";
				CLANG_ENABLE_MODULES = YES;
				CLANG_ENABLE_OBJC_ARC = YES;
				CLANG_ENABLE_OBJC_WEAK = YES;
				CLANG_WARN_BLOCK_CAPTURE_AUTORELEASING = YES;
				CLANG_WARN_BOOL_CONVERSION = YES;
				CLANG_WARN_COMMA = YES;
				CLANG_WARN_CONSTANT_CONVERSION = YES;
				CLANG_WARN_DEPRECATED_OBJC_IMPLEMENTATIONS = YES;
				CLANG_WARN_DIRECT_OBJC_ISA_USAGE = YES_ERROR;
				CLANG_WARN_DOCUMENTATION_COMMENTS = YES;
				CLANG_WARN_EMPTY_BODY = YES;
				CLANG_WARN_ENUM_CONVERSION = YES;
				CLANG_WARN_INFINITE_RECURSION = YES;
				CLANG_WARN_INT_CONVERSION = YES;
				CLANG_WARN_NON_LITERAL_NULL_CONVERSION = YES;
				CLANG_WARN_OBJC_IMPLICIT_RETAIN_SELF = YES;
				CLANG_WARN_OBJC_LITERAL_CONVERSION = YES;
				CLANG_WARN_OBJC_ROOT_CLASS = YES_ERROR;
				CLANG_WARN_QUOTED_INCLUDE_IN_FRAMEWORK_HEADER = YES;
				CLANG_WARN_RANGE_LOOP_ANALYSIS = YES;
				CLANG_WARN_STRICT_PROTOTYPES = YES;
				CLANG_WARN_SUSPICIOUS_MOVE = YES;
				CLANG_WARN_UNGUARDED_AVAILABILITY = YES_AGGRESSIVE;
				CLANG_WARN_UNREACHABLE_CODE = YES;
				CLANG_WARN__DUPLICATE_METHOD_MATCH = YES;
				COPY_PHASE_STRIP = NO;
				DEBUG_INFORMATION_FORMAT = "dwarf-with-dsym";
				DEVELOPMENT_TEAM = WBQR8WS2B2;
				ENABLE_NS_ASSERTIONS = NO;
				ENABLE_STRICT_OBJC_MSGSEND = YES;
				ENABLE_USER_SCRIPT_SANDBOXING = YES;
				GCC_C_LANGUAGE_STANDARD = gnu17;
				GCC_NO_COMMON_BLOCKS = YES;
				GCC_WARN_64_TO_32_BIT_CONVERSION = YES;
				GCC_WARN_ABOUT_RETURN_TYPE = YES_ERROR;
				GCC_WARN_UNDECLARED_SELECTOR = YES;
				GCC_WARN_UNINITIALIZED_AUTOS = YES_AGGRESSIVE;
				GCC_WARN_UNUSED_FUNCTION = YES;
				GCC_WARN_UNUSED_VARIABLE = YES;
				IPHONEOS_DEPLOYMENT_TARGET = 18.5;
				LOCALIZATION_PREFERS_STRING_CATALOGS = YES;
				MTL_ENABLE_DEBUG_INFO = NO;
				MTL_FAST_MATH = YES;
				SDKROOT = iphoneos;
				SWIFT_COMPILATION_MODE = wholemodule;
				VALIDATE_PRODUCT = YES;
			};
			name = Release;
		};
		8A83D3B42EB2E2EE00F6166E /* Debug */ = {
			isa = XCBuildConfiguration;
			buildSettings = {
				BUNDLE_LOADER = "$(TEST_HOST)";
				CODE_SIGN_STYLE = Automatic;
				CURRENT_PROJECT_VERSION = 1;
				DEVELOPMENT_TEAM = WBQR8WS2B2;
				GENERATE_INFOPLIST_FILE = YES;
				IPHONEOS_DEPLOYMENT_TARGET = 18.5;
				MARKETING_VERSION = 1.0;
				PRODUCT_BUNDLE_IDENTIFIER = com.kotaro.sampleShopTests;
				PRODUCT_NAME = "$(TARGET_NAME)";
				SWIFT_EMIT_LOC_STRINGS = NO;
				SWIFT_VERSION = 5.0;
				TARGETED_DEVICE_FAMILY = "1,2";
				TEST_HOST = "$(BUILT_PRODUCTS_DIR)/sampleShop.app/$(BUNDLE_EXECUTABLE_FOLDER_PATH)/sampleShop";
			};
			name = Debug;
		};
		8A83D3B52EB2E2EE00F6166E /* Release */ = {
			isa = XCBuildConfiguration;
			buildSettings = {
				BUNDLE_LOADER = "$(TEST_HOST)";
				CODE_SIGN_STYLE = Automatic;
				CURRENT_PROJECT_VERSION = 1;
				DEVELOPMENT_TEAM = WBQR8WS2B2;
				GENERATE_INFOPLIST_FILE = YES;
				IPHONEOS_DEPLOYMENT_TARGET = 18.5;
				MARKETING_VERSION = 1.0;
				PRODUCT_BUNDLE_IDENTIFIER = com.kotaro.sampleShopTests;
				PRODUCT_NAME = "$(TARGET_NAME)";
				SWIFT_EMIT_LOC_STRINGS = NO;
				SWIFT_VERSION = 5.0;
				TARGETED_DEVICE_FAMILY = "1,2";
				TEST_HOST = "$(BUILT_PRODUCTS_DIR)/sampleShop.app/$(BUNDLE_EXECUTABLE_FOLDER_PATH)/sampleShop";
			};
			name = Release;
		};
		8A83D3B72EB2E2EE00F6166E /* Debug */ = {
			isa = XCBuildConfiguration;
			buildSettings = {
				CODE_SIGN_STYLE = Automatic;
				CURRENT_PROJECT_VERSION = 1;
				DEVELOPMENT_TEAM = WBQR8WS2B2;
				GENERATE_INFOPLIST_FILE = YES;
				MARKETING_VERSION = 1.0;
				PRODUCT_BUNDLE_IDENTIFIER = com.kotaro.sampleShopUITests;
				PRODUCT_NAME = "$(TARGET_NAME)";
				SWIFT_EMIT_LOC_STRINGS = NO;
				SWIFT_VERSION = 5.0;
				TARGETED_DEVICE_FAMILY = "1,2";
				TEST_TARGET_NAME = sampleShop;
			};
			name = Debug;
		};
		8A83D3B82EB2E2EE00F6166E /* Release */ = {
			isa = XCBuildConfiguration;
			buildSettings = {
				CODE_SIGN_STYLE = Automatic;
				CURRENT_PROJECT_VERSION = 1;
				DEVELOPMENT_TEAM = WBQR8WS2B2;
				GENERATE_INFOPLIST_FILE = YES;
				MARKETING_VERSION = 1.0;
				PRODUCT_BUNDLE_IDENTIFIER = com.kotaro.sampleShopUITests;
				PRODUCT_NAME = "$(TARGET_NAME)";
				SWIFT_EMIT_LOC_STRINGS = NO;
				SWIFT_VERSION = 5.0;
				TARGETED_DEVICE_FAMILY = "1,2";
				TEST_TARGET_NAME = sampleShop;
			};
			name = Release;
		};
/* End XCBuildConfiguration section */

/* Begin XCConfigurationList section */
		8A83D3822EB2E2EC00F6166E /* Build configuration list for PBXProject "sampleShop" */ = {
			isa = XCConfigurationList;
			buildConfigurations = (
				8A83D3B12EB2E2EE00F6166E /* Debug */,
				8A83D3B22EB2E2EE00F6166E /* Release */,
			);
			defaultConfigurationIsVisible = 0;
			defaultConfigurationName = Release;
		};
		8A83D3AE2EB2E2EE00F6166E /* Build configuration list for PBXNativeTarget "sampleShop" */ = {
			isa = XCConfigurationList;
			buildConfigurations = (
				8A83D3AF2EB2E2EE00F6166E /* Debug */,
				8A83D3B02EB2E2EE00F6166E /* Release */,
			);
			defaultConfigurationIsVisible = 0;
			defaultConfigurationName = Release;
		};
		8A83D3B32EB2E2EE00F6166E /* Build configuration list for PBXNativeTarget "sampleShopTests" */ = {
			isa = XCConfigurationList;
			buildConfigurations = (
				8A83D3B42EB2E2EE00F6166E /* Debug */,
				8A83D3B52EB2E2EE00F6166E /* Release */,
			);
			defaultConfigurationIsVisible = 0;
			defaultConfigurationName = Release;
		};
		8A83D3B62EB2E2EE00F6166E /* Build configuration list for PBXNativeTarget "sampleShopUITests" */ = {
			isa = XCConfigurationList;
			buildConfigurations = (
				8A83D3B72EB2E2EE00F6166E /* Debug */,
				8A83D3B82EB2E2EE00F6166E /* Release */,
			);
			defaultConfigurationIsVisible = 0;
			defaultConfigurationName = Release;
		};
/* End XCConfigurationList section */
	};
	rootObject = 8A83D37F2EB2E2EC00F6166E /* Project object */;
}
